
Microsoft Visual Studio Solution File, Format Version 12.00
# Visual Studio 15
VisualStudioVersion = 15.0.26124.0
MinimumVisualStudioVersion = 15.0.26124.0
Project("{FAE04EC0-301F-11D3-BF4B-00C04F79EFBC}") = "Project", "Project\Project.csproj", "{C90FE0D9-9DCB-4555-9F89-BEE8A2AB7355}"
EndProject
Project("{FAE04EC0-301F-11D3-BF4B-00C04F79EFBC}") = "Data_Generator", "Data_Generator\Data_Generator.csproj", "{11F04832-9261-4ADD-BE57-427CFE4C22B8}"
EndProject
Project("{2150E333-8FDC-42A3-9474-1A3956D46DE8}") = "libs", "libs", "{41BB910E-F0AD-4919-9AC0-0BB111BFE57C}"
EndProject
Project("{FAE04EC0-301F-11D3-BF4B-00C04F79EFBC}") = "EntitiesProcessingLib", "libs\EntitiesProcessingLib\EntitiesProcessingLib.csproj", "{9B918303-F9D1-47BF-9007-90CD29CC6908}"
EndProject
Project("{FAE04EC0-301F-11D3-BF4B-00C04F79EFBC}") = "ServiceLib", "libs\ServiceLib\ServiceLib.csproj", "{04D1ED74-3576-488F-A5D4-D58477CB551B}"
EndProject
Project("{2150E333-8FDC-42A3-9474-1A3956D46DE8}") = "Project", "Project", "{85CBA9F8-29A8-40EB-B90F-D8F9BA5CA40D}"
EndProject
Project("{FAE04EC0-301F-11D3-BF4B-00C04F79EFBC}") = "Server", "Project\Server\Server.csproj", "{DFE956D2-32E5-4277-8A0F-A25BDD1A4D88}"
EndProject
Global
	GlobalSection(SolutionConfigurationPlatforms) = preSolution
		Debug|Any CPU = Debug|Any CPU
		Debug|x64 = Debug|x64
		Debug|x86 = Debug|x86
		Release|Any CPU = Release|Any CPU
		Release|x64 = Release|x64
		Release|x86 = Release|x86
	EndGlobalSection
	GlobalSection(SolutionProperties) = preSolution
		HideSolutionNode = FALSE
	EndGlobalSection
	GlobalSection(ProjectConfigurationPlatforms) = postSolution
		{C90FE0D9-9DCB-4555-9F89-BEE8A2AB7355}.Debug|Any CPU.ActiveCfg = Debug|Any CPU
		{C90FE0D9-9DCB-4555-9F89-BEE8A2AB7355}.Debug|Any CPU.Build.0 = Debug|Any CPU
		{C90FE0D9-9DCB-4555-9F89-BEE8A2AB7355}.Debug|x64.ActiveCfg = Debug|Any CPU
		{C90FE0D9-9DCB-4555-9F89-BEE8A2AB7355}.Debug|x64.Build.0 = Debug|Any CPU
		{C90FE0D9-9DCB-4555-9F89-BEE8A2AB7355}.Debug|x86.ActiveCfg = Debug|Any CPU
		{C90FE0D9-9DCB-4555-9F89-BEE8A2AB7355}.Debug|x86.Build.0 = Debug|Any CPU
		{C90FE0D9-9DCB-4555-9F89-BEE8A2AB7355}.Release|Any CPU.ActiveCfg = Release|Any CPU
		{C90FE0D9-9DCB-4555-9F89-BEE8A2AB7355}.Release|Any CPU.Build.0 = Release|Any CPU
		{C90FE0D9-9DCB-4555-9F89-BEE8A2AB7355}.Release|x64.ActiveCfg = Release|Any CPU
		{C90FE0D9-9DCB-4555-9F89-BEE8A2AB7355}.Release|x64.Build.0 = Release|Any CPU
		{C90FE0D9-9DCB-4555-9F89-BEE8A2AB7355}.Release|x86.ActiveCfg = Release|Any CPU
		{C90FE0D9-9DCB-4555-9F89-BEE8A2AB7355}.Release|x86.Build.0 = Release|Any CPU
		{11F04832-9261-4ADD-BE57-427CFE4C22B8}.Debug|Any CPU.ActiveCfg = Debug|Any CPU
		{11F04832-9261-4ADD-BE57-427CFE4C22B8}.Debug|Any CPU.Build.0 = Debug|Any CPU
		{11F04832-9261-4ADD-BE57-427CFE4C22B8}.Debug|x64.ActiveCfg = Debug|Any CPU
		{11F04832-9261-4ADD-BE57-427CFE4C22B8}.Debug|x64.Build.0 = Debug|Any CPU
		{11F04832-9261-4ADD-BE57-427CFE4C22B8}.Debug|x86.ActiveCfg = Debug|Any CPU
		{11F04832-9261-4ADD-BE57-427CFE4C22B8}.Debug|x86.Build.0 = Debug|Any CPU
		{11F04832-9261-4ADD-BE57-427CFE4C22B8}.Release|Any CPU.ActiveCfg = Release|Any CPU
		{11F04832-9261-4ADD-BE57-427CFE4C22B8}.Release|Any CPU.Build.0 = Release|Any CPU
		{11F04832-9261-4ADD-BE57-427CFE4C22B8}.Release|x64.ActiveCfg = Release|Any CPU
		{11F04832-9261-4ADD-BE57-427CFE4C22B8}.Release|x64.Build.0 = Release|Any CPU
		{11F04832-9261-4ADD-BE57-427CFE4C22B8}.Release|x86.ActiveCfg = Release|Any CPU
		{11F04832-9261-4ADD-BE57-427CFE4C22B8}.Release|x86.Build.0 = Release|Any CPU
		{9B918303-F9D1-47BF-9007-90CD29CC6908}.Debug|Any CPU.ActiveCfg = Debug|Any CPU
		{9B918303-F9D1-47BF-9007-90CD29CC6908}.Debug|Any CPU.Build.0 = Debug|Any CPU
		{9B918303-F9D1-47BF-9007-90CD29CC6908}.Debug|x64.ActiveCfg = Debug|Any CPU
		{9B918303-F9D1-47BF-9007-90CD29CC6908}.Debug|x64.Build.0 = Debug|Any CPU
		{9B918303-F9D1-47BF-9007-90CD29CC6908}.Debug|x86.ActiveCfg = Debug|Any CPU
		{9B918303-F9D1-47BF-9007-90CD29CC6908}.Debug|x86.Build.0 = Debug|Any CPU
		{9B918303-F9D1-47BF-9007-90CD29CC6908}.Release|Any CPU.ActiveCfg = Release|Any CPU
		{9B918303-F9D1-47BF-9007-90CD29CC6908}.Release|Any CPU.Build.0 = Release|Any CPU
		{9B918303-F9D1-47BF-9007-90CD29CC6908}.Release|x64.ActiveCfg = Release|Any CPU
		{9B918303-F9D1-47BF-9007-90CD29CC6908}.Release|x64.Build.0 = Release|Any CPU
		{9B918303-F9D1-47BF-9007-90CD29CC6908}.Release|x86.ActiveCfg = Release|Any CPU
		{9B918303-F9D1-47BF-9007-90CD29CC6908}.Release|x86.Build.0 = Release|Any CPU
		{04D1ED74-3576-488F-A5D4-D58477CB551B}.Debug|Any CPU.ActiveCfg = Debug|Any CPU
		{04D1ED74-3576-488F-A5D4-D58477CB551B}.Debug|Any CPU.Build.0 = Debug|Any CPU
		{04D1ED74-3576-488F-A5D4-D58477CB551B}.Debug|x64.ActiveCfg = Debug|Any CPU
		{04D1ED74-3576-488F-A5D4-D58477CB551B}.Debug|x64.Build.0 = Debug|Any CPU
		{04D1ED74-3576-488F-A5D4-D58477CB551B}.Debug|x86.ActiveCfg = Debug|Any CPU
		{04D1ED74-3576-488F-A5D4-D58477CB551B}.Debug|x86.Build.0 = Debug|Any CPU
		{04D1ED74-3576-488F-A5D4-D58477CB551B}.Release|Any CPU.ActiveCfg = Release|Any CPU
		{04D1ED74-3576-488F-A5D4-D58477CB551B}.Release|Any CPU.Build.0 = Release|Any CPU
		{04D1ED74-3576-488F-A5D4-D58477CB551B}.Release|x64.ActiveCfg = Release|Any CPU
		{04D1ED74-3576-488F-A5D4-D58477CB551B}.Release|x64.Build.0 = Release|Any CPU
		{04D1ED74-3576-488F-A5D4-D58477CB551B}.Release|x86.ActiveCfg = Release|Any CPU
		{04D1ED74-3576-488F-A5D4-D58477CB551B}.Release|x86.Build.0 = Release|Any CPU
		{DFE956D2-32E5-4277-8A0F-A25BDD1A4D88}.Debug|Any CPU.ActiveCfg = Debug|Any CPU
		{DFE956D2-32E5-4277-8A0F-A25BDD1A4D88}.Debug|Any CPU.Build.0 = Debug|Any CPU
		{DFE956D2-32E5-4277-8A0F-A25BDD1A4D88}.Debug|x64.ActiveCfg = Debug|Any CPU
		{DFE956D2-32E5-4277-8A0F-A25BDD1A4D88}.Debug|x64.Build.0 = Debug|Any CPU
		{DFE956D2-32E5-4277-8A0F-A25BDD1A4D88}.Debug|x86.ActiveCfg = Debug|Any CPU
		{DFE956D2-32E5-4277-8A0F-A25BDD1A4D88}.Debug|x86.Build.0 = Debug|Any CPU
		{DFE956D2-32E5-4277-8A0F-A25BDD1A4D88}.Release|Any CPU.ActiveCfg = Release|Any CPU
		{DFE956D2-32E5-4277-8A0F-A25BDD1A4D88}.Release|Any CPU.Build.0 = Release|Any CPU
		{DFE956D2-32E5-4277-8A0F-A25BDD1A4D88}.Release|x64.ActiveCfg = Release|Any CPU
		{DFE956D2-32E5-4277-8A0F-A25BDD1A4D88}.Release|x64.Build.0 = Release|Any CPU
		{DFE956D2-32E5-4277-8A0F-A25BDD1A4D88}.Release|x86.ActiveCfg = Release|Any CPU
		{DFE956D2-32E5-4277-8A0F-A25BDD1A4D88}.Release|x86.Build.0 = Release|Any CPU
	EndGlobalSection
	GlobalSection(NestedProjects) = preSolution
		{9B918303-F9D1-47BF-9007-90CD29CC6908} = {41BB910E-F0AD-4919-9AC0-0BB111BFE57C}
		{04D1ED74-3576-488F-A5D4-D58477CB551B} = {41BB910E-F0AD-4919-9AC0-0BB111BFE57C}
		{DFE956D2-32E5-4277-8A0F-A25BDD1A4D88} = {85CBA9F8-29A8-40EB-B90F-D8F9BA5CA40D}
	EndGlobalSection
EndGlobal
